
Microsoft Visual Studio Solution File, Format Version 12.00
# Visual Studio Version 16
VisualStudioVersion = 16.0.32002.261
MinimumVisualStudioVersion = 10.0.40219.1
Project("{FAE04EC0-301F-11D3-BF4B-00C04F79EFBC}") = "GitHubActions5601", "GitHubActions5601\GitHubActions5601.csproj", "{96D1FA74-682E-4393-AE45-4A19EBA4CE75}"
EndProject
Global
	GlobalSection(SolutionConfigurationPlatforms) = preSolution
		Debug|Any CPU = Debug|Any CPU
		Release|Any CPU = Release|Any CPU
	EndGlobalSection
	GlobalSection(ProjectConfigurationPlatforms) = postSolution
		{96D1FA74-682E-4393-AE45-4A19EBA4CE75}.Debug|Any CPU.ActiveCfg = Debug|Any CPU
		{96D1FA74-682E-4393-AE45-4A19EBA4CE75}.Debug|Any CPU.Build.0 = Debug|Any CPU
		{96D1FA74-682E-4393-AE45-4A19EBA4CE75}.Release|Any CPU.ActiveCfg = Release|Any CPU
		{96D1FA74-682E-4393-AE45-4A19EBA4CE75}.Release|Any CPU.Build.0 = Release|Any CPU
	EndGlobalSection
	GlobalSection(SolutionProperties) = preSolution
		HideSolutionNode = FALSE
	EndGlobalSection
	GlobalSection(ExtensibilityGlobals) = postSolution
		SolutionGuid = {9BE07A8E-EBA7-4226-87AF-967DFB7EC736}
	EndGlobalSection
EndGlobal
